{
  "name": "test-sentry-node",
  "lockfileVersion": 3,
  "requires": true,
  "packages": {
    "": {
      "name": "test-sentry-node",
      "license": "Apache-2.0",
      "dependencies": {
        "@sentry/node": "^8.7.0"
      }
    },
    "node_modules/@sentry/node": {
      "version": "8.7.0",
      "resolved": "https://registry.npmjs.org/@sentry/node/-/node-8.7.0.tgz",
      "integrity": "sha512-Q+JBpR4yx3eUyyhwgugucfRtPg65gYvzJGEmjzcnDJXJqX8ms4HPpNv9o2Om7A4014JxIibUdrQ+p5idcT7SZA==",
      "dependencies": {
      },
      "engines": {
        "node": ">=14.18"
      },
      "optionalDependencies": {
        "opentelemetry-instrumentation-fetch-node": "1.2.0"
      }
    }
  }
}
